
Microsoft Visual Studio Solution File, Format Version 12.00
# Visual Studio 15
VisualStudioVersion = 15.0.27004.2010
MinimumVisualStudioVersion = 10.0.40219.1
Project("{2150E333-8FDC-42A3-9474-1A3956D46DE8}") = "Samples", "Samples", "{A2DA0285-A796-4314-8167-04A0A62EAED4}"
EndProject
Project("{FAE04EC0-301F-11D3-BF4B-00C04F79EFBC}") = "Thrinax.ExtractArticleSample", "..\samples\Thrinax.ExtractArticleSample\Thrinax.ExtractArticleSample.csproj", "{DE0C0407-8388-4DDB-ABA1-4CAB5A45B493}"
EndProject
Global
	GlobalSection(SolutionConfigurationPlatforms) = preSolution
		Debug|Any CPU = Debug|Any CPU
		Release|Any CPU = Release|Any CPU
	EndGlobalSection
	GlobalSection(ProjectConfigurationPlatforms) = postSolution
		{DE0C0407-8388-4DDB-ABA1-4CAB5A45B493}.Debug|Any CPU.ActiveCfg = Debug|Any CPU
		{DE0C0407-8388-4DDB-ABA1-4CAB5A45B493}.Debug|Any CPU.Build.0 = Debug|Any CPU
		{DE0C0407-8388-4DDB-ABA1-4CAB5A45B493}.Release|Any CPU.ActiveCfg = Release|Any CPU
		{DE0C0407-8388-4DDB-ABA1-4CAB5A45B493}.Release|Any CPU.Build.0 = Release|Any CPU
		{1980B082-421F-4C7A-9145-FCD8B4CDC558}.Debug|Any CPU.ActiveCfg = Debug|Any CPU
		{1980B082-421F-4C7A-9145-FCD8B4CDC558}.Debug|Any CPU.Build.0 = Debug|Any CPU
		{1980B082-421F-4C7A-9145-FCD8B4CDC558}.Release|Any CPU.ActiveCfg = Release|Any CPU
		{1980B082-421F-4C7A-9145-FCD8B4CDC558}.Release|Any CPU.Build.0 = Release|Any CPU
	EndGlobalSection
	GlobalSection(SolutionProperties) = preSolution
		HideSolutionNode = FALSE
	EndGlobalSection
	GlobalSection(NestedProjects) = preSolution
		{DE0C0407-8388-4DDB-ABA1-4CAB5A45B493} = {A2DA0285-A796-4314-8167-04A0A62EAED4}
	EndGlobalSection
	GlobalSection(ExtensibilityGlobals) = postSolution
		SolutionGuid = {7763E6E5-62E2-444B-9017-136EE0BE7065}
	EndGlobalSection
EndGlobal
