
Microsoft Visual Studio Solution File, Format Version 12.00
# Visual Studio 2012
Project("{FAE04EC0-301F-11D3-BF4B-00C04F79EFBC}") = "Thrinax", "Thrinax/Thrinax.csproj", "{50EFA07E-DF14-404B-9944-7C0E1DC471D5}"
EndProject
Global
	GlobalSection(SolutionConfigurationPlatforms) = preSolution
		Debug|Any CPU = Debug|Any CPU
		Release|Any CPU = Release|Any CPU
	EndGlobalSection
	GlobalSection(ProjectConfigurationPlatforms) = postSolution
		{50EFA07E-DF14-404B-9944-7C0E1DC471D5}.Debug|Any CPU.ActiveCfg = Debug|Any CPU
		{50EFA07E-DF14-404B-9944-7C0E1DC471D5}.Debug|Any CPU.Build.0 = Debug|Any CPU
		{50EFA07E-DF14-404B-9944-7C0E1DC471D5}.Release|Any CPU.ActiveCfg = Release|Any CPU
		{50EFA07E-DF14-404B-9944-7C0E1DC471D5}.Release|Any CPU.Build.0 = Release|Any CPU
	EndGlobalSection
EndGlobal
